{
  "pins" : [
    {
      "identity" : "swiftcbor",
      "kind" : "remoteSourceControl",
      "location" : "https://github.com/valpackett/SwiftCBOR.git",
      "state" : {
        "revision" : "edc01765cf6b3685bb622bb09242ef5964fb991b",
        "version" : "0.4.6"
      }
    }
  ],
  "version" : 2
}
